// !$*UTF8*$!
{
	archiveVersion = 1;
	classes = {
	};
	objectVersion = 55;
	objects = {

/* Begin PBXBuildFile section */
		0A771C9C448186E6CE30438B /* Pods_Spiri_SpiriUITests.framework in Frameworks */ = {isa = PBXBuildFile; fileRef = 18354FE267055C684E263852 /* Pods_Spiri_SpiriUITests.framework */; };
		4F45982C274B647C009AF9C7 /* Intents.framework in Frameworks */ = {isa = PBXBuildFile; fileRef = 4F45982B274B647C009AF9C7 /* Intents.framework */; };
		4F45982F274B647C009AF9C7 /* IntentHandler.swift in Sources */ = {isa = PBXBuildFile; fileRef = 4F45982E274B647C009AF9C7 /* IntentHandler.swift */; };
		4F459837274B647C009AF9C7 /* IntentsUI.framework in Frameworks */ = {isa = PBXBuildFile; fileRef = 4F459836274B647C009AF9C7 /* IntentsUI.framework */; };
		4F45983A274B647C009AF9C7 /* IntentViewController.swift in Sources */ = {isa = PBXBuildFile; fileRef = 4F459839274B647C009AF9C7 /* IntentViewController.swift */; };
		4F45983D274B647C009AF9C7 /* MainInterface.storyboard in Resources */ = {isa = PBXBuildFile; fileRef = 4F45983B274B647C009AF9C7 /* MainInterface.storyboard */; };
		4F459841274B647C009AF9C7 /* SiriIntentUI.appex in Embed App Extensions */ = {isa = PBXBuildFile; fileRef = 4F459835274B647C009AF9C7 /* SiriIntentUI.appex */; settings = {ATTRIBUTES = (RemoveHeadersOnCopy, ); }; };
		4F459844274B647C009AF9C7 /* SiriIntent.appex in Embed App Extensions */ = {isa = PBXBuildFile; fileRef = 4F45982A274B647C009AF9C7 /* SiriIntent.appex */; settings = {ATTRIBUTES = (RemoveHeadersOnCopy, ); }; };
		4F45984C274B662D009AF9C7 /* SpiriKit.framework in Frameworks */ = {isa = PBXBuildFile; fileRef = 4F49F9B6274B5E6C00F5A517 /* SpiriKit.framework */; };
		4F45984D274B662D009AF9C7 /* SpiriKit.framework in Embed Frameworks */ = {isa = PBXBuildFile; fileRef = 4F49F9B6274B5E6C00F5A517 /* SpiriKit.framework */; settings = {ATTRIBUTES = (CodeSignOnCopy, RemoveHeadersOnCopy, ); }; };
		4F459855274B674B009AF9C7 /* AddSongToPlaylistIntentHandler.swift in Sources */ = {isa = PBXBuildFile; fileRef = 4F459854274B674B009AF9C7 /* AddSongToPlaylistIntentHandler.swift */; };
		4F49F9B9274B5E9100F5A517 /* SpiriKit.framework in Frameworks */ = {isa = PBXBuildFile; fileRef = 4F49F9B6274B5E6C00F5A517 /* SpiriKit.framework */; };
		4F49F9BA274B5E9100F5A517 /* SpiriKit.framework in Embed Frameworks */ = {isa = PBXBuildFile; fileRef = 4F49F9B6274B5E6C00F5A517 /* SpiriKit.framework */; settings = {ATTRIBUTES = (CodeSignOnCopy, RemoveHeadersOnCopy, ); }; };
		4F960F2C274B460E00C1F493 /* SpiriApp.swift in Sources */ = {isa = PBXBuildFile; fileRef = 4F960F2B274B460E00C1F493 /* SpiriApp.swift */; };
		4F960F2E274B460E00C1F493 /* ContentView.swift in Sources */ = {isa = PBXBuildFile; fileRef = 4F960F2D274B460E00C1F493 /* ContentView.swift */; };
		4F960F30274B460F00C1F493 /* Assets.xcassets in Resources */ = {isa = PBXBuildFile; fileRef = 4F960F2F274B460F00C1F493 /* Assets.xcassets */; };
		4F960F33274B460F00C1F493 /* Preview Assets.xcassets in Resources */ = {isa = PBXBuildFile; fileRef = 4F960F32274B460F00C1F493 /* Preview Assets.xcassets */; };
		4F960F3D274B460F00C1F493 /* SpiriTests.swift in Sources */ = {isa = PBXBuildFile; fileRef = 4F960F3C274B460F00C1F493 /* SpiriTests.swift */; };
		4F960F47274B460F00C1F493 /* SpiriUITests.swift in Sources */ = {isa = PBXBuildFile; fileRef = 4F960F46274B460F00C1F493 /* SpiriUITests.swift */; };
		4F960F49274B460F00C1F493 /* SpiriUITestsLaunchTests.swift in Sources */ = {isa = PBXBuildFile; fileRef = 4F960F48274B460F00C1F493 /* SpiriUITestsLaunchTests.swift */; };
		4FC9C2FD274B89F300B07078 /* Intents.intentdefinition in Sources */ = {isa = PBXBuildFile; fileRef = 4F459822274B61AB009AF9C7 /* Intents.intentdefinition */; };
		4FC9C2FE274B89F400B07078 /* Intents.intentdefinition in Sources */ = {isa = PBXBuildFile; fileRef = 4F459822274B61AB009AF9C7 /* Intents.intentdefinition */; };
		4FC9C2FF274B89F400B07078 /* Intents.intentdefinition in Sources */ = {isa = PBXBuildFile; fileRef = 4F459822274B61AB009AF9C7 /* Intents.intentdefinition */; };
		8F5E07DED1137AF973990FB2 /* Pods_SiriIntentUI.framework in Frameworks */ = {isa = PBXBuildFile; fileRef = 67A1A070537B743491584047 /* Pods_SiriIntentUI.framework */; };
		97AF36FF087E5B7DACA5B687 /* Pods_Spiri.framework in Frameworks */ = {isa = PBXBuildFile; fileRef = EE6D0C8619E5028A9F9AD4BE /* Pods_Spiri.framework */; };
		D913E8D7E05916E0BAA8CEB5 /* Pods_SpiriTests.framework in Frameworks */ = {isa = PBXBuildFile; fileRef = 8532FC25E08AB899FF971308 /* Pods_SpiriTests.framework */; };
		DAAD48760B13F79543627399 /* Pods_SiriIntent.framework in Frameworks */ = {isa = PBXBuildFile; fileRef = 7AD9D0B9D18EB4A0BCC55651 /* Pods_SiriIntent.framework */; };
/* End PBXBuildFile section */

/* Begin PBXContainerItemProxy section */
		4F45983F274B647C009AF9C7 /* PBXContainerItemProxy */ = {
			isa = PBXContainerItemProxy;
			containerPortal = 4F960F20274B460E00C1F493 /* Project object */;
			proxyType = 1;
			remoteGlobalIDString = 4F459834274B647C009AF9C7;
			remoteInfo = SiriIntentUI;
		};
		4F459842274B647C009AF9C7 /* PBXContainerItemProxy */ = {
			isa = PBXContainerItemProxy;
			containerPortal = 4F960F20274B460E00C1F493 /* Project object */;
			proxyType = 1;
			remoteGlobalIDString = 4F459829274B647C009AF9C7;
			remoteInfo = SiriIntent;
		};
		4F49F9B5274B5E6C00F5A517 /* PBXContainerItemProxy */ = {
			isa = PBXContainerItemProxy;
			containerPortal = 4F49F9B0274B5E6C00F5A517 /* SpiriKit.xcodeproj */;
			proxyType = 2;
			remoteGlobalIDString = 4F960F91274B5C4E00C1F493;
			remoteInfo = SpiriKit;
		};
		4F49F9B7274B5E6C00F5A517 /* PBXContainerItemProxy */ = {
			isa = PBXContainerItemProxy;
			containerPortal = 4F49F9B0274B5E6C00F5A517 /* SpiriKit.xcodeproj */;
			proxyType = 2;
			remoteGlobalIDString = 4F960F9B274B5C4E00C1F493;
			remoteInfo = SpiriKitTests;
		};
		4F960F39274B460F00C1F493 /* PBXContainerItemProxy */ = {
			isa = PBXContainerItemProxy;
			containerPortal = 4F960F20274B460E00C1F493 /* Project object */;
			proxyType = 1;
			remoteGlobalIDString = 4F960F27274B460E00C1F493;
			remoteInfo = Spiri;
		};
		4F960F43274B460F00C1F493 /* PBXContainerItemProxy */ = {
			isa = PBXContainerItemProxy;
			containerPortal = 4F960F20274B460E00C1F493 /* Project object */;
			proxyType = 1;
			remoteGlobalIDString = 4F960F27274B460E00C1F493;
			remoteInfo = Spiri;
		};
/* End PBXContainerItemProxy section */

/* Begin PBXCopyFilesBuildPhase section */
		4F45984B274B647C009AF9C7 /* Embed App Extensions */ = {
			isa = PBXCopyFilesBuildPhase;
			buildActionMask = 2147483647;
			dstPath = "";
			dstSubfolderSpec = 13;
			files = (
				4F459841274B647C009AF9C7 /* SiriIntentUI.appex in Embed App Extensions */,
				4F459844274B647C009AF9C7 /* SiriIntent.appex in Embed App Extensions */,
			);
			name = "Embed App Extensions";
			runOnlyForDeploymentPostprocessing = 0;
		};
		4F45984E274B662D009AF9C7 /* Embed Frameworks */ = {
			isa = PBXCopyFilesBuildPhase;
			buildActionMask = 2147483647;
			dstPath = "";
			dstSubfolderSpec = 10;
			files = (
				4F45984D274B662D009AF9C7 /* SpiriKit.framework in Embed Frameworks */,
			);
			name = "Embed Frameworks";
			runOnlyForDeploymentPostprocessing = 0;
		};
		4F49F9BB274B5E9100F5A517 /* Embed Frameworks */ = {
			isa = PBXCopyFilesBuildPhase;
			buildActionMask = 2147483647;
			dstPath = "";
			dstSubfolderSpec = 10;
			files = (
				4F49F9BA274B5E9100F5A517 /* SpiriKit.framework in Embed Frameworks */,
			);
			name = "Embed Frameworks";
			runOnlyForDeploymentPostprocessing = 0;
		};
/* End PBXCopyFilesBuildPhase section */

/* Begin PBXFileReference section */
		02A70F41ADF7C892C8BCB264 /* Pods-Spiri.release.xcconfig */ = {isa = PBXFileReference; includeInIndex = 1; lastKnownFileType = text.xcconfig; name = "Pods-Spiri.release.xcconfig"; path = "Target Support Files/Pods-Spiri/Pods-Spiri.release.xcconfig"; sourceTree = "<group>"; };
		18354FE267055C684E263852 /* Pods_Spiri_SpiriUITests.framework */ = {isa = PBXFileReference; explicitFileType = wrapper.framework; includeInIndex = 0; path = Pods_Spiri_SpiriUITests.framework; sourceTree = BUILT_PRODUCTS_DIR; };
		2D123A9D492D8AABE0489A0D /* Pods-SpiriTests.release.xcconfig */ = {isa = PBXFileReference; includeInIndex = 1; lastKnownFileType = text.xcconfig; name = "Pods-SpiriTests.release.xcconfig"; path = "Target Support Files/Pods-SpiriTests/Pods-SpiriTests.release.xcconfig"; sourceTree = "<group>"; };
		31C1A27CB061383BA14EB99D /* Pods-Spiri.debug.xcconfig */ = {isa = PBXFileReference; includeInIndex = 1; lastKnownFileType = text.xcconfig; name = "Pods-Spiri.debug.xcconfig"; path = "Target Support Files/Pods-Spiri/Pods-Spiri.debug.xcconfig"; sourceTree = "<group>"; };
		3A3D853BE9C89AD5511CF214 /* Pods-SiriIntent.release.xcconfig */ = {isa = PBXFileReference; includeInIndex = 1; lastKnownFileType = text.xcconfig; name = "Pods-SiriIntent.release.xcconfig"; path = "Target Support Files/Pods-SiriIntent/Pods-SiriIntent.release.xcconfig"; sourceTree = "<group>"; };
		3F78F6ABE27BF30578CCE81D /* Pods-SiriIntent.debug.xcconfig */ = {isa = PBXFileReference; includeInIndex = 1; lastKnownFileType = text.xcconfig; name = "Pods-SiriIntent.debug.xcconfig"; path = "Target Support Files/Pods-SiriIntent/Pods-SiriIntent.debug.xcconfig"; sourceTree = "<group>"; };
		4F14B805274C31B3000F1B31 /* SiriIntent.entitlements */ = {isa = PBXFileReference; lastKnownFileType = text.plist.entitlements; path = SiriIntent.entitlements; sourceTree = "<group>"; };
		4F459822274B61AB009AF9C7 /* Intents.intentdefinition */ = {isa = PBXFileReference; lastKnownFileType = file.intentdefinition; path = Intents.intentdefinition; sourceTree = "<group>"; };
		4F45982A274B647C009AF9C7 /* SiriIntent.appex */ = {isa = PBXFileReference; explicitFileType = "wrapper.app-extension"; includeInIndex = 0; path = SiriIntent.appex; sourceTree = BUILT_PRODUCTS_DIR; };
		4F45982B274B647C009AF9C7 /* Intents.framework */ = {isa = PBXFileReference; lastKnownFileType = wrapper.framework; name = Intents.framework; path = System/Library/Frameworks/Intents.framework; sourceTree = SDKROOT; };
		4F45982E274B647C009AF9C7 /* IntentHandler.swift */ = {isa = PBXFileReference; lastKnownFileType = sourcecode.swift; path = IntentHandler.swift; sourceTree = "<group>"; };
		4F459830274B647C009AF9C7 /* Info.plist */ = {isa = PBXFileReference; lastKnownFileType = text.plist.xml; path = Info.plist; sourceTree = "<group>"; };
		4F459835274B647C009AF9C7 /* SiriIntentUI.appex */ = {isa = PBXFileReference; explicitFileType = "wrapper.app-extension"; includeInIndex = 0; path = SiriIntentUI.appex; sourceTree = BUILT_PRODUCTS_DIR; };
		4F459836274B647C009AF9C7 /* IntentsUI.framework */ = {isa = PBXFileReference; lastKnownFileType = wrapper.framework; name = IntentsUI.framework; path = System/Library/Frameworks/IntentsUI.framework; sourceTree = SDKROOT; };
		4F459839274B647C009AF9C7 /* IntentViewController.swift */ = {isa = PBXFileReference; lastKnownFileType = sourcecode.swift; path = IntentViewController.swift; sourceTree = "<group>"; };
		4F45983C274B647C009AF9C7 /* Base */ = {isa = PBXFileReference; lastKnownFileType = file.storyboard; name = Base; path = Base.lproj/MainInterface.storyboard; sourceTree = "<group>"; };
		4F45983E274B647C009AF9C7 /* Info.plist */ = {isa = PBXFileReference; lastKnownFileType = text.plist.xml; path = Info.plist; sourceTree = "<group>"; };
		4F459854274B674B009AF9C7 /* AddSongToPlaylistIntentHandler.swift */ = {isa = PBXFileReference; lastKnownFileType = sourcecode.swift; path = AddSongToPlaylistIntentHandler.swift; sourceTree = "<group>"; };
		4F49F9B0274B5E6C00F5A517 /* SpiriKit.xcodeproj */ = {isa = PBXFileReference; lastKnownFileType = "wrapper.pb-project"; name = SpiriKit.xcodeproj; path = ../SpiriKit/SpiriKit.xcodeproj; sourceTree = "<group>"; };
		4F960F28274B460E00C1F493 /* Spiri.app */ = {isa = PBXFileReference; explicitFileType = wrapper.application; includeInIndex = 0; path = Spiri.app; sourceTree = BUILT_PRODUCTS_DIR; };
		4F960F2B274B460E00C1F493 /* SpiriApp.swift */ = {isa = PBXFileReference; lastKnownFileType = sourcecode.swift; path = SpiriApp.swift; sourceTree = "<group>"; };
		4F960F2D274B460E00C1F493 /* ContentView.swift */ = {isa = PBXFileReference; lastKnownFileType = sourcecode.swift; path = ContentView.swift; sourceTree = "<group>"; };
		4F960F2F274B460F00C1F493 /* Assets.xcassets */ = {isa = PBXFileReference; lastKnownFileType = folder.assetcatalog; path = Assets.xcassets; sourceTree = "<group>"; };
		4F960F32274B460F00C1F493 /* Preview Assets.xcassets */ = {isa = PBXFileReference; lastKnownFileType = folder.assetcatalog; path = "Preview Assets.xcassets"; sourceTree = "<group>"; };
		4F960F38274B460F00C1F493 /* SpiriTests.xctest */ = {isa = PBXFileReference; explicitFileType = wrapper.cfbundle; includeInIndex = 0; path = SpiriTests.xctest; sourceTree = BUILT_PRODUCTS_DIR; };
		4F960F3C274B460F00C1F493 /* SpiriTests.swift */ = {isa = PBXFileReference; lastKnownFileType = sourcecode.swift; path = SpiriTests.swift; sourceTree = "<group>"; };
		4F960F42274B460F00C1F493 /* SpiriUITests.xctest */ = {isa = PBXFileReference; explicitFileType = wrapper.cfbundle; includeInIndex = 0; path = SpiriUITests.xctest; sourceTree = BUILT_PRODUCTS_DIR; };
		4F960F46274B460F00C1F493 /* SpiriUITests.swift */ = {isa = PBXFileReference; lastKnownFileType = sourcecode.swift; path = SpiriUITests.swift; sourceTree = "<group>"; };
		4F960F48274B460F00C1F493 /* SpiriUITestsLaunchTests.swift */ = {isa = PBXFileReference; lastKnownFileType = sourcecode.swift; path = SpiriUITestsLaunchTests.swift; sourceTree = "<group>"; };
		4F960F55274B468000C1F493 /* Info.plist */ = {isa = PBXFileReference; lastKnownFileType = text.plist; path = Info.plist; sourceTree = "<group>"; };
		4F960F60274B5B7A00C1F493 /* Spiri.entitlements */ = {isa = PBXFileReference; lastKnownFileType = text.plist.entitlements; path = Spiri.entitlements; sourceTree = "<group>"; };
		501362E74268FA1E65F11778 /* Pods-Spiri-SpiriUITests.release.xcconfig */ = {isa = PBXFileReference; includeInIndex = 1; lastKnownFileType = text.xcconfig; name = "Pods-Spiri-SpiriUITests.release.xcconfig"; path = "Target Support Files/Pods-Spiri-SpiriUITests/Pods-Spiri-SpiriUITests.release.xcconfig"; sourceTree = "<group>"; };
		67A1A070537B743491584047 /* Pods_SiriIntentUI.framework */ = {isa = PBXFileReference; explicitFileType = wrapper.framework; includeInIndex = 0; path = Pods_SiriIntentUI.framework; sourceTree = BUILT_PRODUCTS_DIR; };
		7AD9D0B9D18EB4A0BCC55651 /* Pods_SiriIntent.framework */ = {isa = PBXFileReference; explicitFileType = wrapper.framework; includeInIndex = 0; path = Pods_SiriIntent.framework; sourceTree = BUILT_PRODUCTS_DIR; };
		83D62A67F8781F63CCFB46BD /* Pods-SiriIntentUI.release.xcconfig */ = {isa = PBXFileReference; includeInIndex = 1; lastKnownFileType = text.xcconfig; name = "Pods-SiriIntentUI.release.xcconfig"; path = "Target Support Files/Pods-SiriIntentUI/Pods-SiriIntentUI.release.xcconfig"; sourceTree = "<group>"; };
		8532FC25E08AB899FF971308 /* Pods_SpiriTests.framework */ = {isa = PBXFileReference; explicitFileType = wrapper.framework; includeInIndex = 0; path = Pods_SpiriTests.framework; sourceTree = BUILT_PRODUCTS_DIR; };
		8EED729023A63D0516D8161D /* Pods-Spiri-SpiriUITests.debug.xcconfig */ = {isa = PBXFileReference; includeInIndex = 1; lastKnownFileType = text.xcconfig; name = "Pods-Spiri-SpiriUITests.debug.xcconfig"; path = "Target Support Files/Pods-Spiri-SpiriUITests/Pods-Spiri-SpiriUITests.debug.xcconfig"; sourceTree = "<group>"; };
		C58E512C2F85C8FC721E1392 /* Pods-SiriIntentUI.debug.xcconfig */ = {isa = PBXFileReference; includeInIndex = 1; lastKnownFileType = text.xcconfig; name = "Pods-SiriIntentUI.debug.xcconfig"; path = "Target Support Files/Pods-SiriIntentUI/Pods-SiriIntentUI.debug.xcconfig"; sourceTree = "<group>"; };
		EE6D0C8619E5028A9F9AD4BE /* Pods_Spiri.framework */ = {isa = PBXFileReference; explicitFileType = wrapper.framework; includeInIndex = 0; path = Pods_Spiri.framework; sourceTree = BUILT_PRODUCTS_DIR; };
		FA6E778907E4AFDCAAF4A08F /* Pods-SpiriTests.debug.xcconfig */ = {isa = PBXFileReference; includeInIndex = 1; lastKnownFileType = text.xcconfig; name = "Pods-SpiriTests.debug.xcconfig"; path = "Target Support Files/Pods-SpiriTests/Pods-SpiriTests.debug.xcconfig"; sourceTree = "<group>"; };
/* End PBXFileReference section */

/* Begin PBXFrameworksBuildPhase section */
		4F459827274B647C009AF9C7 /* Frameworks */ = {
			isa = PBXFrameworksBuildPhase;
			buildActionMask = 2147483647;
			files = (
				4F45982C274B647C009AF9C7 /* Intents.framework in Frameworks */,
				4F45984C274B662D009AF9C7 /* SpiriKit.framework in Frameworks */,
				DAAD48760B13F79543627399 /* Pods_SiriIntent.framework in Frameworks */,
			);
			runOnlyForDeploymentPostprocessing = 0;
		};
		4F459832274B647C009AF9C7 /* Frameworks */ = {
			isa = PBXFrameworksBuildPhase;
			buildActionMask = 2147483647;
			files = (
				4F459837274B647C009AF9C7 /* IntentsUI.framework in Frameworks */,
				8F5E07DED1137AF973990FB2 /* Pods_SiriIntentUI.framework in Frameworks */,
			);
			runOnlyForDeploymentPostprocessing = 0;
		};
		4F960F25274B460E00C1F493 /* Frameworks */ = {
			isa = PBXFrameworksBuildPhase;
			buildActionMask = 2147483647;
			files = (
				4F49F9B9274B5E9100F5A517 /* SpiriKit.framework in Frameworks */,
				97AF36FF087E5B7DACA5B687 /* Pods_Spiri.framework in Frameworks */,
			);
			runOnlyForDeploymentPostprocessing = 0;
		};
		4F960F35274B460F00C1F493 /* Frameworks */ = {
			isa = PBXFrameworksBuildPhase;
			buildActionMask = 2147483647;
			files = (
				D913E8D7E05916E0BAA8CEB5 /* Pods_SpiriTests.framework in Frameworks */,
			);
			runOnlyForDeploymentPostprocessing = 0;
		};
		4F960F3F274B460F00C1F493 /* Frameworks */ = {
			isa = PBXFrameworksBuildPhase;
			buildActionMask = 2147483647;
			files = (
				0A771C9C448186E6CE30438B /* Pods_Spiri_SpiriUITests.framework in Frameworks */,
			);
			runOnlyForDeploymentPostprocessing = 0;
		};
/* End PBXFrameworksBuildPhase section */

/* Begin PBXGroup section */
		4F45982D274B647C009AF9C7 /* SiriIntent */ = {
			isa = PBXGroup;
			children = (
				4F14B805274C31B3000F1B31 /* SiriIntent.entitlements */,
				4F45982E274B647C009AF9C7 /* IntentHandler.swift */,
				4F459854274B674B009AF9C7 /* AddSongToPlaylistIntentHandler.swift */,
				4F459830274B647C009AF9C7 /* Info.plist */,
			);
			path = SiriIntent;
			sourceTree = "<group>";
		};
		4F459838274B647C009AF9C7 /* SiriIntentUI */ = {
			isa = PBXGroup;
			children = (
				4F459839274B647C009AF9C7 /* IntentViewController.swift */,
				4F45983B274B647C009AF9C7 /* MainInterface.storyboard */,
				4F45983E274B647C009AF9C7 /* Info.plist */,
			);
			path = SiriIntentUI;
			sourceTree = "<group>";
		};
		4F49F9AE274B5E2400F5A517 /* Frameworks */ = {
			isa = PBXGroup;
			children = (
				4F49F9B0274B5E6C00F5A517 /* SpiriKit.xcodeproj */,
				4F45982B274B647C009AF9C7 /* Intents.framework */,
				4F459836274B647C009AF9C7 /* IntentsUI.framework */,
				7AD9D0B9D18EB4A0BCC55651 /* Pods_SiriIntent.framework */,
				67A1A070537B743491584047 /* Pods_SiriIntentUI.framework */,
				EE6D0C8619E5028A9F9AD4BE /* Pods_Spiri.framework */,
				18354FE267055C684E263852 /* Pods_Spiri_SpiriUITests.framework */,
				8532FC25E08AB899FF971308 /* Pods_SpiriTests.framework */,
			);
			name = Frameworks;
			sourceTree = "<group>";
		};
		4F49F9B1274B5E6C00F5A517 /* Products */ = {
			isa = PBXGroup;
			children = (
				4F49F9B6274B5E6C00F5A517 /* SpiriKit.framework */,
				4F49F9B8274B5E6C00F5A517 /* SpiriKitTests.xctest */,
			);
			name = Products;
			sourceTree = "<group>";
		};
		4F960F1F274B460E00C1F493 = {
			isa = PBXGroup;
			children = (
				4F960F2A274B460E00C1F493 /* Spiri */,
				4F960F3B274B460F00C1F493 /* SpiriTests */,
				4F960F45274B460F00C1F493 /* SpiriUITests */,
				4F45982D274B647C009AF9C7 /* SiriIntent */,
				4F459838274B647C009AF9C7 /* SiriIntentUI */,
				4F960F29274B460E00C1F493 /* Products */,
				4F49F9AE274B5E2400F5A517 /* Frameworks */,
				90760031338B06CBA5273B19 /* Pods */,
			);
			sourceTree = "<group>";
		};
		4F960F29274B460E00C1F493 /* Products */ = {
			isa = PBXGroup;
			children = (
				4F960F28274B460E00C1F493 /* Spiri.app */,
				4F960F38274B460F00C1F493 /* SpiriTests.xctest */,
				4F960F42274B460F00C1F493 /* SpiriUITests.xctest */,
				4F45982A274B647C009AF9C7 /* SiriIntent.appex */,
				4F459835274B647C009AF9C7 /* SiriIntentUI.appex */,
			);
			name = Products;
			sourceTree = "<group>";
		};
		4F960F2A274B460E00C1F493 /* Spiri */ = {
			isa = PBXGroup;
			children = (
				4F960F60274B5B7A00C1F493 /* Spiri.entitlements */,
				4F960F55274B468000C1F493 /* Info.plist */,
				4F960F2B274B460E00C1F493 /* SpiriApp.swift */,
				4F960F2D274B460E00C1F493 /* ContentView.swift */,
				4F459822274B61AB009AF9C7 /* Intents.intentdefinition */,
				4F960F2F274B460F00C1F493 /* Assets.xcassets */,
				4F960F31274B460F00C1F493 /* Preview Content */,
			);
			path = Spiri;
			sourceTree = "<group>";
		};
		4F960F31274B460F00C1F493 /* Preview Content */ = {
			isa = PBXGroup;
			children = (
				4F960F32274B460F00C1F493 /* Preview Assets.xcassets */,
			);
			path = "Preview Content";
			sourceTree = "<group>";
		};
		4F960F3B274B460F00C1F493 /* SpiriTests */ = {
			isa = PBXGroup;
			children = (
				4F960F3C274B460F00C1F493 /* SpiriTests.swift */,
			);
			path = SpiriTests;
			sourceTree = "<group>";
		};
		4F960F45274B460F00C1F493 /* SpiriUITests */ = {
			isa = PBXGroup;
			children = (
				4F960F46274B460F00C1F493 /* SpiriUITests.swift */,
				4F960F48274B460F00C1F493 /* SpiriUITestsLaunchTests.swift */,
			);
			path = SpiriUITests;
			sourceTree = "<group>";
		};
		90760031338B06CBA5273B19 /* Pods */ = {
			isa = PBXGroup;
			children = (
				3F78F6ABE27BF30578CCE81D /* Pods-SiriIntent.debug.xcconfig */,
				3A3D853BE9C89AD5511CF214 /* Pods-SiriIntent.release.xcconfig */,
				C58E512C2F85C8FC721E1392 /* Pods-SiriIntentUI.debug.xcconfig */,
				83D62A67F8781F63CCFB46BD /* Pods-SiriIntentUI.release.xcconfig */,
				31C1A27CB061383BA14EB99D /* Pods-Spiri.debug.xcconfig */,
				02A70F41ADF7C892C8BCB264 /* Pods-Spiri.release.xcconfig */,
				8EED729023A63D0516D8161D /* Pods-Spiri-SpiriUITests.debug.xcconfig */,
				501362E74268FA1E65F11778 /* Pods-Spiri-SpiriUITests.release.xcconfig */,
				FA6E778907E4AFDCAAF4A08F /* Pods-SpiriTests.debug.xcconfig */,
				2D123A9D492D8AABE0489A0D /* Pods-SpiriTests.release.xcconfig */,
			);
			path = Pods;
			sourceTree = "<group>";
		};
/* End PBXGroup section */

/* Begin PBXNativeTarget section */
		4F459829274B647C009AF9C7 /* SiriIntent */ = {
			isa = PBXNativeTarget;
			buildConfigurationList = 4F459848274B647C009AF9C7 /* Build configuration list for PBXNativeTarget "SiriIntent" */;
			buildPhases = (
				97FC5B9AE5E0752AC4308FF9 /* [CP] Check Pods Manifest.lock */,
				4F459826274B647C009AF9C7 /* Sources */,
				4F459827274B647C009AF9C7 /* Frameworks */,
				4F459828274B647C009AF9C7 /* Resources */,
				4F45984E274B662D009AF9C7 /* Embed Frameworks */,
			);
			buildRules = (
			);
			dependencies = (
			);
			name = SiriIntent;
			productName = SiriIntent;
			productReference = 4F45982A274B647C009AF9C7 /* SiriIntent.appex */;
			productType = "com.apple.product-type.app-extension";
		};
		4F459834274B647C009AF9C7 /* SiriIntentUI */ = {
			isa = PBXNativeTarget;
			buildConfigurationList = 4F459845274B647C009AF9C7 /* Build configuration list for PBXNativeTarget "SiriIntentUI" */;
			buildPhases = (
				CEDF646D85EC6C9C2B25499B /* [CP] Check Pods Manifest.lock */,
				4F459831274B647C009AF9C7 /* Sources */,
				4F459832274B647C009AF9C7 /* Frameworks */,
				4F459833274B647C009AF9C7 /* Resources */,
			);
			buildRules = (
			);
			dependencies = (
			);
			name = SiriIntentUI;
			productName = SiriIntentUI;
			productReference = 4F459835274B647C009AF9C7 /* SiriIntentUI.appex */;
			productType = "com.apple.product-type.app-extension";
		};
		4F960F27274B460E00C1F493 /* Spiri */ = {
			isa = PBXNativeTarget;
			buildConfigurationList = 4F960F4C274B460F00C1F493 /* Build configuration list for PBXNativeTarget "Spiri" */;
			buildPhases = (
				61603A85AA703E3B3DD2F2F1 /* [CP] Check Pods Manifest.lock */,
				4F960F24274B460E00C1F493 /* Sources */,
				4F960F25274B460E00C1F493 /* Frameworks */,
				4F960F26274B460E00C1F493 /* Resources */,
				4F49F9BB274B5E9100F5A517 /* Embed Frameworks */,
				4F45984B274B647C009AF9C7 /* Embed App Extensions */,
				8161A76CDBD522C9CB0EF97E /* [CP] Embed Pods Frameworks */,
			);
			buildRules = (
			);
			dependencies = (
				4F459840274B647C009AF9C7 /* PBXTargetDependency */,
				4F459843274B647C009AF9C7 /* PBXTargetDependency */,
			);
			name = Spiri;
			productName = Spiri;
			productReference = 4F960F28274B460E00C1F493 /* Spiri.app */;
			productType = "com.apple.product-type.application";
		};
		4F960F37274B460F00C1F493 /* SpiriTests */ = {
			isa = PBXNativeTarget;
			buildConfigurationList = 4F960F4F274B460F00C1F493 /* Build configuration list for PBXNativeTarget "SpiriTests" */;
			buildPhases = (
				6C0E8D171D85422A1C2B31CA /* [CP] Check Pods Manifest.lock */,
				4F960F34274B460F00C1F493 /* Sources */,
				4F960F35274B460F00C1F493 /* Frameworks */,
				4F960F36274B460F00C1F493 /* Resources */,
			);
			buildRules = (
			);
			dependencies = (
				4F960F3A274B460F00C1F493 /* PBXTargetDependency */,
			);
			name = SpiriTests;
			productName = SpiriTests;
			productReference = 4F960F38274B460F00C1F493 /* SpiriTests.xctest */;
			productType = "com.apple.product-type.bundle.unit-test";
		};
		4F960F41274B460F00C1F493 /* SpiriUITests */ = {
			isa = PBXNativeTarget;
			buildConfigurationList = 4F960F52274B460F00C1F493 /* Build configuration list for PBXNativeTarget "SpiriUITests" */;
			buildPhases = (
				4BDDA403B78A913B2A8B99B1 /* [CP] Check Pods Manifest.lock */,
				4F960F3E274B460F00C1F493 /* Sources */,
				4F960F3F274B460F00C1F493 /* Frameworks */,
				4F960F40274B460F00C1F493 /* Resources */,
				B4E78B1F8EBD7F25D9089F6E /* [CP] Embed Pods Frameworks */,
			);
			buildRules = (
			);
			dependencies = (
				4F960F44274B460F00C1F493 /* PBXTargetDependency */,
			);
			name = SpiriUITests;
			productName = SpiriUITests;
			productReference = 4F960F42274B460F00C1F493 /* SpiriUITests.xctest */;
			productType = "com.apple.product-type.bundle.ui-testing";
		};
/* End PBXNativeTarget section */

/* Begin PBXProject section */
		4F960F20274B460E00C1F493 /* Project object */ = {
			isa = PBXProject;
			attributes = {
				BuildIndependentTargetsInParallel = 1;
				LastSwiftUpdateCheck = 1320;
				LastUpgradeCheck = 1320;
				TargetAttributes = {
					4F459829274B647C009AF9C7 = {
						CreatedOnToolsVersion = 13.2;
					};
					4F459834274B647C009AF9C7 = {
						CreatedOnToolsVersion = 13.2;
					};
					4F960F27274B460E00C1F493 = {
						CreatedOnToolsVersion = 13.2;
					};
					4F960F37274B460F00C1F493 = {
						CreatedOnToolsVersion = 13.2;
						TestTargetID = 4F960F27274B460E00C1F493;
					};
					4F960F41274B460F00C1F493 = {
						CreatedOnToolsVersion = 13.2;
						TestTargetID = 4F960F27274B460E00C1F493;
					};
				};
			};
			buildConfigurationList = 4F960F23274B460E00C1F493 /* Build configuration list for PBXProject "Spiri" */;
			compatibilityVersion = "Xcode 13.0";
			developmentRegion = en;
			hasScannedForEncodings = 0;
			knownRegions = (
				en,
				Base,
			);
			mainGroup = 4F960F1F274B460E00C1F493;
			productRefGroup = 4F960F29274B460E00C1F493 /* Products */;
			projectDirPath = "";
			projectReferences = (
				{
					ProductGroup = 4F49F9B1274B5E6C00F5A517 /* Products */;
					ProjectRef = 4F49F9B0274B5E6C00F5A517 /* SpiriKit.xcodeproj */;
				},
			);
			projectRoot = "";
			targets = (
				4F960F27274B460E00C1F493 /* Spiri */,
				4F960F37274B460F00C1F493 /* SpiriTests */,
				4F960F41274B460F00C1F493 /* SpiriUITests */,
				4F459829274B647C009AF9C7 /* SiriIntent */,
				4F459834274B647C009AF9C7 /* SiriIntentUI */,
			);
		};
/* End PBXProject section */

/* Begin PBXReferenceProxy section */
		4F49F9B6274B5E6C00F5A517 /* SpiriKit.framework */ = {
			isa = PBXReferenceProxy;
			fileType = wrapper.framework;
			path = SpiriKit.framework;
			remoteRef = 4F49F9B5274B5E6C00F5A517 /* PBXContainerItemProxy */;
			sourceTree = BUILT_PRODUCTS_DIR;
		};
		4F49F9B8274B5E6C00F5A517 /* SpiriKitTests.xctest */ = {
			isa = PBXReferenceProxy;
			fileType = wrapper.cfbundle;
			path = SpiriKitTests.xctest;
			remoteRef = 4F49F9B7274B5E6C00F5A517 /* PBXContainerItemProxy */;
			sourceTree = BUILT_PRODUCTS_DIR;
		};
/* End PBXReferenceProxy section */

/* Begin PBXResourcesBuildPhase section */
		4F459828274B647C009AF9C7 /* Resources */ = {
			isa = PBXResourcesBuildPhase;
			buildActionMask = 2147483647;
			files = (
			);
			runOnlyForDeploymentPostprocessing = 0;
		};
		4F459833274B647C009AF9C7 /* Resources */ = {
			isa = PBXResourcesBuildPhase;
			buildActionMask = 2147483647;
			files = (
				4F45983D274B647C009AF9C7 /* MainInterface.storyboard in Resources */,
			);
			runOnlyForDeploymentPostprocessing = 0;
		};
		4F960F26274B460E00C1F493 /* Resources */ = {
			isa = PBXResourcesBuildPhase;
			buildActionMask = 2147483647;
			files = (
				4F960F33274B460F00C1F493 /* Preview Assets.xcassets in Resources */,
				4F960F30274B460F00C1F493 /* Assets.xcassets in Resources */,
			);
			runOnlyForDeploymentPostprocessing = 0;
		};
		4F960F36274B460F00C1F493 /* Resources */ = {
			isa = PBXResourcesBuildPhase;
			buildActionMask = 2147483647;
			files = (
			);
			runOnlyForDeploymentPostprocessing = 0;
		};
		4F960F40274B460F00C1F493 /* Resources */ = {
			isa = PBXResourcesBuildPhase;
			buildActionMask = 2147483647;
			files = (
			);
			runOnlyForDeploymentPostprocessing = 0;
		};
/* End PBXResourcesBuildPhase section */

/* Begin PBXShellScriptBuildPhase section */
		4BDDA403B78A913B2A8B99B1 /* [CP] Check Pods Manifest.lock */ = {
			isa = PBXShellScriptBuildPhase;
			buildActionMask = 2147483647;
			files = (
			);
			inputFileListPaths = (
			);
			inputPaths = (
				"${PODS_PODFILE_DIR_PATH}/Podfile.lock",
				"${PODS_ROOT}/Manifest.lock",
			);
			name = "[CP] Check Pods Manifest.lock";
			outputFileListPaths = (
			);
			outputPaths = (
				"$(DERIVED_FILE_DIR)/Pods-Spiri-SpiriUITests-checkManifestLockResult.txt",
			);
			runOnlyForDeploymentPostprocessing = 0;
			shellPath = /bin/sh;
			shellScript = "diff \"${PODS_PODFILE_DIR_PATH}/Podfile.lock\" \"${PODS_ROOT}/Manifest.lock\" > /dev/null\nif [ $? != 0 ] ; then\n    # print error to STDERR\n    echo \"error: The sandbox is not in sync with the Podfile.lock. Run 'pod install' or update your CocoaPods installation.\" >&2\n    exit 1\nfi\n# This output is used by Xcode 'outputs' to avoid re-running this script phase.\necho \"SUCCESS\" > \"${SCRIPT_OUTPUT_FILE_0}\"\n";
			showEnvVarsInLog = 0;
		};
		61603A85AA703E3B3DD2F2F1 /* [CP] Check Pods Manifest.lock */ = {
			isa = PBXShellScriptBuildPhase;
			buildActionMask = 2147483647;
			files = (
			);
			inputFileListPaths = (
			);
			inputPaths = (
				"${PODS_PODFILE_DIR_PATH}/Podfile.lock",
				"${PODS_ROOT}/Manifest.lock",
			);
			name = "[CP] Check Pods Manifest.lock";
			outputFileListPaths = (
			);
			outputPaths = (
				"$(DERIVED_FILE_DIR)/Pods-Spiri-checkManifestLockResult.txt",
			);
			runOnlyForDeploymentPostprocessing = 0;
			shellPath = /bin/sh;
			shellScript = "diff \"${PODS_PODFILE_DIR_PATH}/Podfile.lock\" \"${PODS_ROOT}/Manifest.lock\" > /dev/null\nif [ $? != 0 ] ; then\n    # print error to STDERR\n    echo \"error: The sandbox is not in sync with the Podfile.lock. Run 'pod install' or update your CocoaPods installation.\" >&2\n    exit 1\nfi\n# This output is used by Xcode 'outputs' to avoid re-running this script phase.\necho \"SUCCESS\" > \"${SCRIPT_OUTPUT_FILE_0}\"\n";
			showEnvVarsInLog = 0;
		};
		6C0E8D171D85422A1C2B31CA /* [CP] Check Pods Manifest.lock */ = {
			isa = PBXShellScriptBuildPhase;
			buildActionMask = 2147483647;
			files = (
			);
			inputFileListPaths = (
			);
			inputPaths = (
				"${PODS_PODFILE_DIR_PATH}/Podfile.lock",
				"${PODS_ROOT}/Manifest.lock",
			);
			name = "[CP] Check Pods Manifest.lock";
			outputFileListPaths = (
			);
			outputPaths = (
				"$(DERIVED_FILE_DIR)/Pods-SpiriTests-checkManifestLockResult.txt",
			);
			runOnlyForDeploymentPostprocessing = 0;
			shellPath = /bin/sh;
			shellScript = "diff \"${PODS_PODFILE_DIR_PATH}/Podfile.lock\" \"${PODS_ROOT}/Manifest.lock\" > /dev/null\nif [ $? != 0 ] ; then\n    # print error to STDERR\n    echo \"error: The sandbox is not in sync with the Podfile.lock. Run 'pod install' or update your CocoaPods installation.\" >&2\n    exit 1\nfi\n# This output is used by Xcode 'outputs' to avoid re-running this script phase.\necho \"SUCCESS\" > \"${SCRIPT_OUTPUT_FILE_0}\"\n";
			showEnvVarsInLog = 0;
		};
		8161A76CDBD522C9CB0EF97E /* [CP] Embed Pods Frameworks */ = {
			isa = PBXShellScriptBuildPhase;
			buildActionMask = 2147483647;
			files = (
			);
			inputFileListPaths = (
				"${PODS_ROOT}/Target Support Files/Pods-Spiri/Pods-Spiri-frameworks-${CONFIGURATION}-input-files.xcfilelist",
			);
			name = "[CP] Embed Pods Frameworks";
			outputFileListPaths = (
				"${PODS_ROOT}/Target Support Files/Pods-Spiri/Pods-Spiri-frameworks-${CONFIGURATION}-output-files.xcfilelist",
			);
			runOnlyForDeploymentPostprocessing = 0;
			shellPath = /bin/sh;
			shellScript = "\"${PODS_ROOT}/Target Support Files/Pods-Spiri/Pods-Spiri-frameworks.sh\"\n";
			showEnvVarsInLog = 0;
		};
		97FC5B9AE5E0752AC4308FF9 /* [CP] Check Pods Manifest.lock */ = {
			isa = PBXShellScriptBuildPhase;
			buildActionMask = 2147483647;
			files = (
			);
			inputFileListPaths = (
			);
			inputPaths = (
				"${PODS_PODFILE_DIR_PATH}/Podfile.lock",
				"${PODS_ROOT}/Manifest.lock",
			);
			name = "[CP] Check Pods Manifest.lock";
			outputFileListPaths = (
			);
			outputPaths = (
				"$(DERIVED_FILE_DIR)/Pods-SiriIntent-checkManifestLockResult.txt",
			);
			runOnlyForDeploymentPostprocessing = 0;
			shellPath = /bin/sh;
			shellScript = "diff \"${PODS_PODFILE_DIR_PATH}/Podfile.lock\" \"${PODS_ROOT}/Manifest.lock\" > /dev/null\nif [ $? != 0 ] ; then\n    # print error to STDERR\n    echo \"error: The sandbox is not in sync with the Podfile.lock. Run 'pod install' or update your CocoaPods installation.\" >&2\n    exit 1\nfi\n# This output is used by Xcode 'outputs' to avoid re-running this script phase.\necho \"SUCCESS\" > \"${SCRIPT_OUTPUT_FILE_0}\"\n";
			showEnvVarsInLog = 0;
		};
		B4E78B1F8EBD7F25D9089F6E /* [CP] Embed Pods Frameworks */ = {
			isa = PBXShellScriptBuildPhase;
			buildActionMask = 2147483647;
			files = (
			);
			inputFileListPaths = (
				"${PODS_ROOT}/Target Support Files/Pods-Spiri-SpiriUITests/Pods-Spiri-SpiriUITests-frameworks-${CONFIGURATION}-input-files.xcfilelist",
			);
			name = "[CP] Embed Pods Frameworks";
			outputFileListPaths = (
				"${PODS_ROOT}/Target Support Files/Pods-Spiri-SpiriUITests/Pods-Spiri-SpiriUITests-frameworks-${CONFIGURATION}-output-files.xcfilelist",
			);
			runOnlyForDeploymentPostprocessing = 0;
			shellPath = /bin/sh;
			shellScript = "\"${PODS_ROOT}/Target Support Files/Pods-Spiri-SpiriUITests/Pods-Spiri-SpiriUITests-frameworks.sh\"\n";
			showEnvVarsInLog = 0;
		};
		CEDF646D85EC6C9C2B25499B /* [CP] Check Pods Manifest.lock */ = {
			isa = PBXShellScriptBuildPhase;
			buildActionMask = 2147483647;
			files = (
			);
			inputFileListPaths = (
			);
			inputPaths = (
				"${PODS_PODFILE_DIR_PATH}/Podfile.lock",
				"${PODS_ROOT}/Manifest.lock",
			);
			name = "[CP] Check Pods Manifest.lock";
			outputFileListPaths = (
			);
			outputPaths = (
				"$(DERIVED_FILE_DIR)/Pods-SiriIntentUI-checkManifestLockResult.txt",
			);
			runOnlyForDeploymentPostprocessing = 0;
			shellPath = /bin/sh;
			shellScript = "diff \"${PODS_PODFILE_DIR_PATH}/Podfile.lock\" \"${PODS_ROOT}/Manifest.lock\" > /dev/null\nif [ $? != 0 ] ; then\n    # print error to STDERR\n    echo \"error: The sandbox is not in sync with the Podfile.lock. Run 'pod install' or update your CocoaPods installation.\" >&2\n    exit 1\nfi\n# This output is used by Xcode 'outputs' to avoid re-running this script phase.\necho \"SUCCESS\" > \"${SCRIPT_OUTPUT_FILE_0}\"\n";
			showEnvVarsInLog = 0;
		};
/* End PBXShellScriptBuildPhase section */

/* Begin PBXSourcesBuildPhase section */
		4F459826274B647C009AF9C7 /* Sources */ = {
			isa = PBXSourcesBuildPhase;
			buildActionMask = 2147483647;
			files = (
				4FC9C2FE274B89F400B07078 /* Intents.intentdefinition in Sources */,
				4F459855274B674B009AF9C7 /* AddSongToPlaylistIntentHandler.swift in Sources */,
				4F45982F274B647C009AF9C7 /* IntentHandler.swift in Sources */,
			);
			runOnlyForDeploymentPostprocessing = 0;
		};
		4F459831274B647C009AF9C7 /* Sources */ = {
			isa = PBXSourcesBuildPhase;
			buildActionMask = 2147483647;
			files = (
				4FC9C2FF274B89F400B07078 /* Intents.intentdefinition in Sources */,
				4F45983A274B647C009AF9C7 /* IntentViewController.swift in Sources */,
			);
			runOnlyForDeploymentPostprocessing = 0;
		};
		4F960F24274B460E00C1F493 /* Sources */ = {
			isa = PBXSourcesBuildPhase;
			buildActionMask = 2147483647;
			files = (
				4FC9C2FD274B89F300B07078 /* Intents.intentdefinition in Sources */,
				4F960F2E274B460E00C1F493 /* ContentView.swift in Sources */,
				4F960F2C274B460E00C1F493 /* SpiriApp.swift in Sources */,
			);
			runOnlyForDeploymentPostprocessing = 0;
		};
		4F960F34274B460F00C1F493 /* Sources */ = {
			isa = PBXSourcesBuildPhase;
			buildActionMask = 2147483647;
			files = (
				4F960F3D274B460F00C1F493 /* SpiriTests.swift in Sources */,
			);
			runOnlyForDeploymentPostprocessing = 0;
		};
		4F960F3E274B460F00C1F493 /* Sources */ = {
			isa = PBXSourcesBuildPhase;
			buildActionMask = 2147483647;
			files = (
				4F960F49274B460F00C1F493 /* SpiriUITestsLaunchTests.swift in Sources */,
				4F960F47274B460F00C1F493 /* SpiriUITests.swift in Sources */,
			);
			runOnlyForDeploymentPostprocessing = 0;
		};
/* End PBXSourcesBuildPhase section */

/* Begin PBXTargetDependency section */
		4F459840274B647C009AF9C7 /* PBXTargetDependency */ = {
			isa = PBXTargetDependency;
			target = 4F459834274B647C009AF9C7 /* SiriIntentUI */;
			targetProxy = 4F45983F274B647C009AF9C7 /* PBXContainerItemProxy */;
		};
		4F459843274B647C009AF9C7 /* PBXTargetDependency */ = {
			isa = PBXTargetDependency;
			target = 4F459829274B647C009AF9C7 /* SiriIntent */;
			targetProxy = 4F459842274B647C009AF9C7 /* PBXContainerItemProxy */;
		};
		4F960F3A274B460F00C1F493 /* PBXTargetDependency */ = {
			isa = PBXTargetDependency;
			target = 4F960F27274B460E00C1F493 /* Spiri */;
			targetProxy = 4F960F39274B460F00C1F493 /* PBXContainerItemProxy */;
		};
		4F960F44274B460F00C1F493 /* PBXTargetDependency */ = {
			isa = PBXTargetDependency;
			target = 4F960F27274B460E00C1F493 /* Spiri */;
			targetProxy = 4F960F43274B460F00C1F493 /* PBXContainerItemProxy */;
		};
/* End PBXTargetDependency section */

/* Begin PBXVariantGroup section */
		4F45983B274B647C009AF9C7 /* MainInterface.storyboard */ = {
			isa = PBXVariantGroup;
			children = (
				4F45983C274B647C009AF9C7 /* Base */,
			);
			name = MainInterface.storyboard;
			sourceTree = "<group>";
		};
/* End PBXVariantGroup section */

/* Begin XCBuildConfiguration section */
		4F459846274B647C009AF9C7 /* Debug */ = {
			isa = XCBuildConfiguration;
			baseConfigurationReference = C58E512C2F85C8FC721E1392 /* Pods-SiriIntentUI.debug.xcconfig */;
			buildSettings = {
				CODE_SIGN_STYLE = Automatic;
				CURRENT_PROJECT_VERSION = 1;
				DEVELOPMENT_TEAM = 5S6HE7KE49;
				GENERATE_INFOPLIST_FILE = YES;
				INFOPLIST_FILE = SiriIntentUI/Info.plist;
				INFOPLIST_KEY_CFBundleDisplayName = SiriIntentUI;
				INFOPLIST_KEY_NSHumanReadableCopyright = "";
				IPHONEOS_DEPLOYMENT_TARGET = 15.0;
				LD_RUNPATH_SEARCH_PATHS = (
					"$(inherited)",
					"@executable_path/Frameworks",
					"@executable_path/../../Frameworks",
				);
				MARKETING_VERSION = 1.0;
				PRODUCT_BUNDLE_IDENTIFIER = com.noahsaso.spiri.SiriIntentUI;
				PRODUCT_NAME = "$(TARGET_NAME)";
				SKIP_INSTALL = YES;
				SWIFT_EMIT_LOC_STRINGS = YES;
				SWIFT_VERSION = 5.0;
				TARGETED_DEVICE_FAMILY = "1,2";
			};
			name = Debug;
		};
		4F459847274B647C009AF9C7 /* Release */ = {
			isa = XCBuildConfiguration;
			baseConfigurationReference = 83D62A67F8781F63CCFB46BD /* Pods-SiriIntentUI.release.xcconfig */;
			buildSettings = {
				CODE_SIGN_STYLE = Automatic;
				CURRENT_PROJECT_VERSION = 1;
				DEVELOPMENT_TEAM = 5S6HE7KE49;
				GENERATE_INFOPLIST_FILE = YES;
				INFOPLIST_FILE = SiriIntentUI/Info.plist;
				INFOPLIST_KEY_CFBundleDisplayName = SiriIntentUI;
				INFOPLIST_KEY_NSHumanReadableCopyright = "";
				IPHONEOS_DEPLOYMENT_TARGET = 15.0;
				LD_RUNPATH_SEARCH_PATHS = (
					"$(inherited)",
					"@executable_path/Frameworks",
					"@executable_path/../../Frameworks",
				);
				MARKETING_VERSION = 1.0;
				PRODUCT_BUNDLE_IDENTIFIER = com.noahsaso.spiri.SiriIntentUI;
				PRODUCT_NAME = "$(TARGET_NAME)";
				SKIP_INSTALL = YES;
				SWIFT_EMIT_LOC_STRINGS = YES;
				SWIFT_VERSION = 5.0;
				TARGETED_DEVICE_FAMILY = "1,2";
			};
			name = Release;
		};
		4F459849274B647C009AF9C7 /* Debug */ = {
			isa = XCBuildConfiguration;
			baseConfigurationReference = 3F78F6ABE27BF30578CCE81D /* Pods-SiriIntent.debug.xcconfig */;
			buildSettings = {
				CODE_SIGN_ENTITLEMENTS = SiriIntent/SiriIntent.entitlements;
				CODE_SIGN_STYLE = Automatic;
				CURRENT_PROJECT_VERSION = 1;
				DEVELOPMENT_TEAM = 5S6HE7KE49;
				GENERATE_INFOPLIST_FILE = YES;
				INFOPLIST_FILE = SiriIntent/Info.plist;
				INFOPLIST_KEY_CFBundleDisplayName = SiriIntent;
				INFOPLIST_KEY_NSHumanReadableCopyright = "";
				IPHONEOS_DEPLOYMENT_TARGET = 15.0;
				LD_RUNPATH_SEARCH_PATHS = (
					"$(inherited)",
					"@executable_path/Frameworks",
					"@executable_path/../../Frameworks",
				);
				MARKETING_VERSION = 1.0;
				PRODUCT_BUNDLE_IDENTIFIER = com.noahsaso.spiri.SiriIntent;
				PRODUCT_NAME = "$(TARGET_NAME)";
				SKIP_INSTALL = YES;
				SWIFT_EMIT_LOC_STRINGS = YES;
				SWIFT_VERSION = 5.0;
				TARGETED_DEVICE_FAMILY = "1,2";
			};
			name = Debug;
		};
		4F45984A274B647C009AF9C7 /* Release */ = {
			isa = XCBuildConfiguration;
			baseConfigurationReference = 3A3D853BE9C89AD5511CF214 /* Pods-SiriIntent.release.xcconfig */;
			buildSettings = {
				CODE_SIGN_ENTITLEMENTS = SiriIntent/SiriIntent.entitlements;
				CODE_SIGN_STYLE = Automatic;
				CURRENT_PROJECT_VERSION = 1;
				DEVELOPMENT_TEAM = 5S6HE7KE49;
				GENERATE_INFOPLIST_FILE = YES;
				INFOPLIST_FILE = SiriIntent/Info.plist;
				INFOPLIST_KEY_CFBundleDisplayName = SiriIntent;
				INFOPLIST_KEY_NSHumanReadableCopyright = "";
				IPHONEOS_DEPLOYMENT_TARGET = 15.0;
				LD_RUNPATH_SEARCH_PATHS = (
					"$(inherited)",
					"@executable_path/Frameworks",
					"@executable_path/../../Frameworks",
				);
				MARKETING_VERSION = 1.0;
				PRODUCT_BUNDLE_IDENTIFIER = com.noahsaso.spiri.SiriIntent;
				PRODUCT_NAME = "$(TARGET_NAME)";
				SKIP_INSTALL = YES;
				SWIFT_EMIT_LOC_STRINGS = YES;
				SWIFT_VERSION = 5.0;
				TARGETED_DEVICE_FAMILY = "1,2";
			};
			name = Release;
		};
		4F960F4A274B460F00C1F493 /* Debug */ = {
			isa = XCBuildConfiguration;
			buildSettings = {
				ALWAYS_SEARCH_USER_PATHS = NO;
				CLANG_ANALYZER_NONNULL = YES;
				CLANG_ANALYZER_NUMBER_OBJECT_CONVERSION = YES_AGGRESSIVE;
				CLANG_CXX_LANGUAGE_STANDARD = "gnu++17";
				CLANG_CXX_LIBRARY = "libc++";
				CLANG_ENABLE_MODULES = YES;
				CLANG_ENABLE_OBJC_ARC = YES;
				CLANG_ENABLE_OBJC_WEAK = YES;
				CLANG_WARN_BLOCK_CAPTURE_AUTORELEASING = YES;
				CLANG_WARN_BOOL_CONVERSION = YES;
				CLANG_WARN_COMMA = YES;
				CLANG_WARN_CONSTANT_CONVERSION = YES;
				CLANG_WARN_DEPRECATED_OBJC_IMPLEMENTATIONS = YES;
				CLANG_WARN_DIRECT_OBJC_ISA_USAGE = YES_ERROR;
				CLANG_WARN_DOCUMENTATION_COMMENTS = YES;
				CLANG_WARN_EMPTY_BODY = YES;
				CLANG_WARN_ENUM_CONVERSION = YES;
				CLANG_WARN_INFINITE_RECURSION = YES;
				CLANG_WARN_INT_CONVERSION = YES;
				CLANG_WARN_NON_LITERAL_NULL_CONVERSION = YES;
				CLANG_WARN_OBJC_IMPLICIT_RETAIN_SELF = YES;
				CLANG_WARN_OBJC_LITERAL_CONVERSION = YES;
				CLANG_WARN_OBJC_ROOT_CLASS = YES_ERROR;
				CLANG_WARN_QUOTED_INCLUDE_IN_FRAMEWORK_HEADER = YES;
				CLANG_WARN_RANGE_LOOP_ANALYSIS = YES;
				CLANG_WARN_STRICT_PROTOTYPES = YES;
				CLANG_WARN_SUSPICIOUS_MOVE = YES;
				CLANG_WARN_UNGUARDED_AVAILABILITY = YES_AGGRESSIVE;
				CLANG_WARN_UNREACHABLE_CODE = YES;
				CLANG_WARN__DUPLICATE_METHOD_MATCH = YES;
				COPY_PHASE_STRIP = NO;
				DEBUG_INFORMATION_FORMAT = dwarf;
				ENABLE_STRICT_OBJC_MSGSEND = YES;
				ENABLE_TESTABILITY = YES;
				GCC_C_LANGUAGE_STANDARD = gnu11;
				GCC_DYNAMIC_NO_PIC = NO;
				GCC_NO_COMMON_BLOCKS = YES;
				GCC_OPTIMIZATION_LEVEL = 0;
				GCC_PREPROCESSOR_DEFINITIONS = (
					"DEBUG=1",
					"$(inherited)",
				);
				GCC_WARN_64_TO_32_BIT_CONVERSION = YES;
				GCC_WARN_ABOUT_RETURN_TYPE = YES_ERROR;
				GCC_WARN_UNDECLARED_SELECTOR = YES;
				GCC_WARN_UNINITIALIZED_AUTOS = YES_AGGRESSIVE;
				GCC_WARN_UNUSED_FUNCTION = YES;
				GCC_WARN_UNUSED_VARIABLE = YES;
				IPHONEOS_DEPLOYMENT_TARGET = 15.0;
				MTL_ENABLE_DEBUG_INFO = INCLUDE_SOURCE;
				MTL_FAST_MATH = YES;
				ONLY_ACTIVE_ARCH = YES;
				SDKROOT = iphoneos;
				SWIFT_ACTIVE_COMPILATION_CONDITIONS = DEBUG;
				SWIFT_OPTIMIZATION_LEVEL = "-Onone";
			};
			name = Debug;
		};
		4F960F4B274B460F00C1F493 /* Release */ = {
			isa = XCBuildConfiguration;
			buildSettings = {
				ALWAYS_SEARCH_USER_PATHS = NO;
				CLANG_ANALYZER_NONNULL = YES;
				CLANG_ANALYZER_NUMBER_OBJECT_CONVERSION = YES_AGGRESSIVE;
				CLANG_CXX_LANGUAGE_STANDARD = "gnu++17";
				CLANG_CXX_LIBRARY = "libc++";
				CLANG_ENABLE_MODULES = YES;
				CLANG_ENABLE_OBJC_ARC = YES;
				CLANG_ENABLE_OBJC_WEAK = YES;
				CLANG_WARN_BLOCK_CAPTURE_AUTORELEASING = YES;
				CLANG_WARN_BOOL_CONVERSION = YES;
				CLANG_WARN_COMMA = YES;
				CLANG_WARN_CONSTANT_CONVERSION = YES;
				CLANG_WARN_DEPRECATED_OBJC_IMPLEMENTATIONS = YES;
				CLANG_WARN_DIRECT_OBJC_ISA_USAGE = YES_ERROR;
				CLANG_WARN_DOCUMENTATION_COMMENTS = YES;
				CLANG_WARN_EMPTY_BODY = YES;
				CLANG_WARN_ENUM_CONVERSION = YES;
				CLANG_WARN_INFINITE_RECURSION = YES;
				CLANG_WARN_INT_CONVERSION = YES;
				CLANG_WARN_NON_LITERAL_NULL_CONVERSION = YES;
				CLANG_WARN_OBJC_IMPLICIT_RETAIN_SELF = YES;
				CLANG_WARN_OBJC_LITERAL_CONVERSION = YES;
				CLANG_WARN_OBJC_ROOT_CLASS = YES_ERROR;
				CLANG_WARN_QUOTED_INCLUDE_IN_FRAMEWORK_HEADER = YES;
				CLANG_WARN_RANGE_LOOP_ANALYSIS = YES;
				CLANG_WARN_STRICT_PROTOTYPES = YES;
				CLANG_WARN_SUSPICIOUS_MOVE = YES;
				CLANG_WARN_UNGUARDED_AVAILABILITY = YES_AGGRESSIVE;
				CLANG_WARN_UNREACHABLE_CODE = YES;
				CLANG_WARN__DUPLICATE_METHOD_MATCH = YES;
				COPY_PHASE_STRIP = NO;
				DEBUG_INFORMATION_FORMAT = "dwarf-with-dsym";
				ENABLE_NS_ASSERTIONS = NO;
				ENABLE_STRICT_OBJC_MSGSEND = YES;
				GCC_C_LANGUAGE_STANDARD = gnu11;
				GCC_NO_COMMON_BLOCKS = YES;
				GCC_WARN_64_TO_32_BIT_CONVERSION = YES;
				GCC_WARN_ABOUT_RETURN_TYPE = YES_ERROR;
				GCC_WARN_UNDECLARED_SELECTOR = YES;
				GCC_WARN_UNINITIALIZED_AUTOS = YES_AGGRESSIVE;
				GCC_WARN_UNUSED_FUNCTION = YES;
				GCC_WARN_UNUSED_VARIABLE = YES;
				IPHONEOS_DEPLOYMENT_TARGET = 15.0;
				MTL_ENABLE_DEBUG_INFO = NO;
				MTL_FAST_MATH = YES;
				SDKROOT = iphoneos;
				SWIFT_COMPILATION_MODE = wholemodule;
				SWIFT_OPTIMIZATION_LEVEL = "-O";
				VALIDATE_PRODUCT = YES;
			};
			name = Release;
		};
		4F960F4D274B460F00C1F493 /* Debug */ = {
			isa = XCBuildConfiguration;
			baseConfigurationReference = 31C1A27CB061383BA14EB99D /* Pods-Spiri.debug.xcconfig */;
			buildSettings = {
				ALWAYS_EMBED_SWIFT_STANDARD_LIBRARIES = YES;
				ASSETCATALOG_COMPILER_APPICON_NAME = AppIcon;
				ASSETCATALOG_COMPILER_GLOBAL_ACCENT_COLOR_NAME = AccentColor;
				CODE_SIGN_ENTITLEMENTS = Spiri/Spiri.entitlements;
				CODE_SIGN_STYLE = Automatic;
				CURRENT_PROJECT_VERSION = 1;
				DEVELOPMENT_ASSET_PATHS = "\"Spiri/Preview Content\"";
				DEVELOPMENT_TEAM = 5S6HE7KE49;
				ENABLE_PREVIEWS = YES;
				GENERATE_INFOPLIST_FILE = YES;
				INFOPLIST_FILE = Spiri/Info.plist;
				INFOPLIST_KEY_NSSiriUsageDescription = "Powered by Siri";
				INFOPLIST_KEY_UIApplicationSceneManifest_Generation = YES;
				INFOPLIST_KEY_UIApplicationSupportsIndirectInputEvents = YES;
				INFOPLIST_KEY_UILaunchScreen_Generation = YES;
				INFOPLIST_KEY_UISupportedInterfaceOrientations_iPad = "UIInterfaceOrientationPortrait UIInterfaceOrientationPortraitUpsideDown UIInterfaceOrientationLandscapeLeft UIInterfaceOrientationLandscapeRight";
				INFOPLIST_KEY_UISupportedInterfaceOrientations_iPhone = "UIInterfaceOrientationPortrait UIInterfaceOrientationLandscapeLeft UIInterfaceOrientationLandscapeRight";
				INTENTS_CODEGEN_LANGUAGE = Swift;
				LD_RUNPATH_SEARCH_PATHS = (
					"$(inherited)",
					"@executable_path/Frameworks",
				);
				MARKETING_VERSION = 1.0;
				PRODUCT_BUNDLE_IDENTIFIER = com.noahsaso.spiri;
				PRODUCT_NAME = "$(TARGET_NAME)";
				SWIFT_EMIT_LOC_STRINGS = YES;
				SWIFT_VERSION = 5.0;
				TARGETED_DEVICE_FAMILY = "1,2";
			};
			name = Debug;
		};
		4F960F4E274B460F00C1F493 /* Release */ = {
			isa = XCBuildConfiguration;
			baseConfigurationReference = 02A70F41ADF7C892C8BCB264 /* Pods-Spiri.release.xcconfig */;
			buildSettings = {
				ALWAYS_EMBED_SWIFT_STANDARD_LIBRARIES = YES;
				ASSETCATALOG_COMPILER_APPICON_NAME = AppIcon;
				ASSETCATALOG_COMPILER_GLOBAL_ACCENT_COLOR_NAME = AccentColor;
				CODE_SIGN_ENTITLEMENTS = Spiri/Spiri.entitlements;
				CODE_SIGN_STYLE = Automatic;
				CURRENT_PROJECT_VERSION = 1;
				DEVELOPMENT_ASSET_PATHS = "\"Spiri/Preview Content\"";
				DEVELOPMENT_TEAM = 5S6HE7KE49;
				ENABLE_PREVIEWS = YES;
				GENERATE_INFOPLIST_FILE = YES;
				INFOPLIST_FILE = Spiri/Info.plist;
				INFOPLIST_KEY_NSSiriUsageDescription = "Powered by Siri";
				INFOPLIST_KEY_UIApplicationSceneManifest_Generation = YES;
				INFOPLIST_KEY_UIApplicationSupportsIndirectInputEvents = YES;
				INFOPLIST_KEY_UILaunchScreen_Generation = YES;
				INFOPLIST_KEY_UISupportedInterfaceOrientations_iPad = "UIInterfaceOrientationPortrait UIInterfaceOrientationPortraitUpsideDown UIInterfaceOrientationLandscapeLeft UIInterfaceOrientationLandscapeRight";
				INFOPLIST_KEY_UISupportedInterfaceOrientations_iPhone = "UIInterfaceOrientationPortrait UIInterfaceOrientationLandscapeLeft UIInterfaceOrientationLandscapeRight";
				INTENTS_CODEGEN_LANGUAGE = Swift;
				LD_RUNPATH_SEARCH_PATHS = (
					"$(inherited)",
					"@executable_path/Frameworks",
				);
				MARKETING_VERSION = 1.0;
				PRODUCT_BUNDLE_IDENTIFIER = com.noahsaso.spiri;
				PRODUCT_NAME = "$(TARGET_NAME)";
				SWIFT_EMIT_LOC_STRINGS = YES;
				SWIFT_VERSION = 5.0;
				TARGETED_DEVICE_FAMILY = "1,2";
			};
			name = Release;
		};
		4F960F50274B460F00C1F493 /* Debug */ = {
			isa = XCBuildConfiguration;
			baseConfigurationReference = FA6E778907E4AFDCAAF4A08F /* Pods-SpiriTests.debug.xcconfig */;
			buildSettings = {
				ALWAYS_EMBED_SWIFT_STANDARD_LIBRARIES = YES;
				BUNDLE_LOADER = "$(TEST_HOST)";
				CODE_SIGN_STYLE = Automatic;
				CURRENT_PROJECT_VERSION = 1;
				DEVELOPMENT_TEAM = 5S6HE7KE49;
				GENERATE_INFOPLIST_FILE = YES;
				IPHONEOS_DEPLOYMENT_TARGET = 15.2;
				MARKETING_VERSION = 1.0;
				PRODUCT_BUNDLE_IDENTIFIER = com.noahsaso.SpiriTests;
				PRODUCT_NAME = "$(TARGET_NAME)";
				SWIFT_EMIT_LOC_STRINGS = NO;
				SWIFT_VERSION = 5.0;
				TARGETED_DEVICE_FAMILY = "1,2";
				TEST_HOST = "$(BUILT_PRODUCTS_DIR)/Spiri.app/Spiri";
			};
			name = Debug;
		};
		4F960F51274B460F00C1F493 /* Release */ = {
			isa = XCBuildConfiguration;
			baseConfigurationReference = 2D123A9D492D8AABE0489A0D /* Pods-SpiriTests.release.xcconfig */;
			buildSettings = {
				ALWAYS_EMBED_SWIFT_STANDARD_LIBRARIES = YES;
				BUNDLE_LOADER = "$(TEST_HOST)";
				CODE_SIGN_STYLE = Automatic;
				CURRENT_PROJECT_VERSION = 1;
				DEVELOPMENT_TEAM = 5S6HE7KE49;
				GENERATE_INFOPLIST_FILE = YES;
				IPHONEOS_DEPLOYMENT_TARGET = 15.2;
				MARKETING_VERSION = 1.0;
				PRODUCT_BUNDLE_IDENTIFIER = com.noahsaso.SpiriTests;
				PRODUCT_NAME = "$(TARGET_NAME)";
				SWIFT_EMIT_LOC_STRINGS = NO;
				SWIFT_VERSION = 5.0;
				TARGETED_DEVICE_FAMILY = "1,2";
				TEST_HOST = "$(BUILT_PRODUCTS_DIR)/Spiri.app/Spiri";
			};
			name = Release;
		};
		4F960F53274B460F00C1F493 /* Debug */ = {
			isa = XCBuildConfiguration;
			baseConfigurationReference = 8EED729023A63D0516D8161D /* Pods-Spiri-SpiriUITests.debug.xcconfig */;
			buildSettings = {
				ALWAYS_EMBED_SWIFT_STANDARD_LIBRARIES = YES;
				CODE_SIGN_STYLE = Automatic;
				CURRENT_PROJECT_VERSION = 1;
				DEVELOPMENT_TEAM = 5S6HE7KE49;
				GENERATE_INFOPLIST_FILE = YES;
				MARKETING_VERSION = 1.0;
				PRODUCT_BUNDLE_IDENTIFIER = com.noahsaso.SpiriUITests;
				PRODUCT_NAME = "$(TARGET_NAME)";
				SWIFT_EMIT_LOC_STRINGS = NO;
				SWIFT_VERSION = 5.0;
				TARGETED_DEVICE_FAMILY = "1,2";
				TEST_TARGET_NAME = Spiri;
			};
			name = Debug;
		};
		4F960F54274B460F00C1F493 /* Release */ = {
			isa = XCBuildConfiguration;
			baseConfigurationReference = 501362E74268FA1E65F11778 /* Pods-Spiri-SpiriUITests.release.xcconfig */;
			buildSettings = {
				ALWAYS_EMBED_SWIFT_STANDARD_LIBRARIES = YES;
				CODE_SIGN_STYLE = Automatic;
				CURRENT_PROJECT_VERSION = 1;
				DEVELOPMENT_TEAM = 5S6HE7KE49;
				GENERATE_INFOPLIST_FILE = YES;
				MARKETING_VERSION = 1.0;
				PRODUCT_BUNDLE_IDENTIFIER = com.noahsaso.SpiriUITests;
				PRODUCT_NAME = "$(TARGET_NAME)";
				SWIFT_EMIT_LOC_STRINGS = NO;
				SWIFT_VERSION = 5.0;
				TARGETED_DEVICE_FAMILY = "1,2";
				TEST_TARGET_NAME = Spiri;
			};
			name = Release;
		};
/* End XCBuildConfiguration section */

/* Begin XCConfigurationList section */
		4F459845274B647C009AF9C7 /* Build configuration list for PBXNativeTarget "SiriIntentUI" */ = {
			isa = XCConfigurationList;
			buildConfigurations = (
				4F459846274B647C009AF9C7 /* Debug */,
				4F459847274B647C009AF9C7 /* Release */,
			);
			defaultConfigurationIsVisible = 0;
			defaultConfigurationName = Release;
		};
		4F459848274B647C009AF9C7 /* Build configuration list for PBXNativeTarget "SiriIntent" */ = {
			isa = XCConfigurationList;
			buildConfigurations = (
				4F459849274B647C009AF9C7 /* Debug */,
				4F45984A274B647C009AF9C7 /* Release */,
			);
			defaultConfigurationIsVisible = 0;
			defaultConfigurationName = Release;
		};
		4F960F23274B460E00C1F493 /* Build configuration list for PBXProject "Spiri" */ = {
			isa = XCConfigurationList;
			buildConfigurations = (
				4F960F4A274B460F00C1F493 /* Debug */,
				4F960F4B274B460F00C1F493 /* Release */,
			);
			defaultConfigurationIsVisible = 0;
			defaultConfigurationName = Release;
		};
		4F960F4C274B460F00C1F493 /* Build configuration list for PBXNativeTarget "Spiri" */ = {
			isa = XCConfigurationList;
			buildConfigurations = (
				4F960F4D274B460F00C1F493 /* Debug */,
				4F960F4E274B460F00C1F493 /* Release */,
			);
			defaultConfigurationIsVisible = 0;
			defaultConfigurationName = Release;
		};
		4F960F4F274B460F00C1F493 /* Build configuration list for PBXNativeTarget "SpiriTests" */ = {
			isa = XCConfigurationList;
			buildConfigurations = (
				4F960F50274B460F00C1F493 /* Debug */,
				4F960F51274B460F00C1F493 /* Release */,
			);
			defaultConfigurationIsVisible = 0;
			defaultConfigurationName = Release;
		};
		4F960F52274B460F00C1F493 /* Build configuration list for PBXNativeTarget "SpiriUITests" */ = {
			isa = XCConfigurationList;
			buildConfigurations = (
				4F960F53274B460F00C1F493 /* Debug */,
				4F960F54274B460F00C1F493 /* Release */,
			);
			defaultConfigurationIsVisible = 0;
			defaultConfigurationName = Release;
		};
/* End XCConfigurationList section */
	};
	rootObject = 4F960F20274B460E00C1F493 /* Project object */;
}
